
Microsoft Visual Studio Solution File, Format Version 12.00
# Visual Studio Version 17
VisualStudioVersion = 17.5.002.0
MinimumVisualStudioVersion = 10.0.40219.1
Project("{9A19103F-16F7-4668-BE54-9A1E7A4F7556}") = "src", "src.csproj", "{4C9C506E-4A3B-4919-A8FA-E7E1E3AAF16D}"
EndProject
Global
	GlobalSection(SolutionConfigurationPlatforms) = preSolution
		Debug|Any CPU = Debug|Any CPU
		Release|Any CPU = Release|Any CPU
	EndGlobalSection
	GlobalSection(ProjectConfigurationPlatforms) = postSolution
		{4C9C506E-4A3B-4919-A8FA-E7E1E3AAF16D}.Debug|Any CPU.ActiveCfg = Debug|Any CPU
		{4C9C506E-4A3B-4919-A8FA-E7E1E3AAF16D}.Debug|Any CPU.Build.0 = Debug|Any CPU
		{4C9C506E-4A3B-4919-A8FA-E7E1E3AAF16D}.Release|Any CPU.ActiveCfg = Release|Any CPU
		{4C9C506E-4A3B-4919-A8FA-E7E1E3AAF16D}.Release|Any CPU.Build.0 = Release|Any CPU
	EndGlobalSection
	GlobalSection(SolutionProperties) = preSolution
		HideSolutionNode = FALSE
	EndGlobalSection
	GlobalSection(ExtensibilityGlobals) = postSolution
		SolutionGuid = {9D6CD644-6C19-4BC5-97E7-9C8416314090}
	EndGlobalSection
EndGlobal
